
Microsoft Visual Studio Solution File, Format Version 12.00
Project("{FAE04EC0-301F-11D3-BF4B-00C04F79EFBC}") = "LayoutPdfTest", "LayoutPdfTest\LayoutPdfTest.csproj", "{F3DE77A7-569B-4CBB-9477-1E9ACDEF4667}"
EndProject
Global
	GlobalSection(SolutionConfigurationPlatforms) = preSolution
		Debug|Any CPU = Debug|Any CPU
		Release|Any CPU = Release|Any CPU
	EndGlobalSection
	GlobalSection(ProjectConfigurationPlatforms) = postSolution
		{F3DE77A7-569B-4CBB-9477-1E9ACDEF4667}.Debug|Any CPU.ActiveCfg = Debug|Any CPU
		{F3DE77A7-569B-4CBB-9477-1E9ACDEF4667}.Debug|Any CPU.Build.0 = Debug|Any CPU
		{F3DE77A7-569B-4CBB-9477-1E9ACDEF4667}.Release|Any CPU.ActiveCfg = Release|Any CPU
		{F3DE77A7-569B-4CBB-9477-1E9ACDEF4667}.Release|Any CPU.Build.0 = Release|Any CPU
	EndGlobalSection
EndGlobal
